
Microsoft Visual Studio Solution File, Format Version 12.00
# Visual Studio Version 17
VisualStudioVersion = 17.2.32630.192
MinimumVisualStudioVersion = 10.0.40219.1
Project("{FAE04EC0-301F-11D3-BF4B-00C04F79EFBC}") = "WpfRoutedEvent_2_2", "WpfRoutedEvent_2_2.csproj", "{BBD630BA-8039-41B4-B416-00FA1095E875}"
EndProject
Global
	GlobalSection(SolutionConfigurationPlatforms) = preSolution
		Debug|Any CPU = Debug|Any CPU
		Release|Any CPU = Release|Any CPU
	EndGlobalSection
	GlobalSection(ProjectConfigurationPlatforms) = postSolution
		{BBD630BA-8039-41B4-B416-00FA1095E875}.Debug|Any CPU.ActiveCfg = Debug|Any CPU
		{BBD630BA-8039-41B4-B416-00FA1095E875}.Debug|Any CPU.Build.0 = Debug|Any CPU
		{BBD630BA-8039-41B4-B416-00FA1095E875}.Release|Any CPU.ActiveCfg = Release|Any CPU
		{BBD630BA-8039-41B4-B416-00FA1095E875}.Release|Any CPU.Build.0 = Release|Any CPU
	EndGlobalSection
	GlobalSection(SolutionProperties) = preSolution
		HideSolutionNode = FALSE
	EndGlobalSection
	GlobalSection(ExtensibilityGlobals) = postSolution
		SolutionGuid = {FA87C756-C195-46AC-B477-AEFC1D5EF2CA}
	EndGlobalSection
EndGlobal
